// !$*UTF8*$!
{
	archiveVersion = 1;
	classes = {
	};
	objectVersion = 46;
	objects = {

/* Begin PBXBuildFile section */
		06092E0B188BB834003277AD /* ActionView.m in Sources */ = {isa = PBXBuildFile; fileRef = 06092DD4188BB834003277AD /* ActionView.m */; settings = {COMPILER_FLAGS = "-fno-objc-arc"; }; };
		06092E0C188BB834003277AD /* ActionViewContent.m in Sources */ = {isa = PBXBuildFile; fileRef = 06092DD6188BB834003277AD /* ActionViewContent.m */; settings = {COMPILER_FLAGS = "-fno-objc-arc"; }; };
		06092E0D188BB834003277AD /* ActionViewIpadContent.m in Sources */ = {isa = PBXBuildFile; fileRef = 06092DD8188BB834003277AD /* ActionViewIpadContent.m */; settings = {COMPILER_FLAGS = "-fno-objc-arc"; }; };
		06092E0E188BB834003277AD /* AGViewDelegate.m in Sources */ = {isa = PBXBuildFile; fileRef = 06092DDB188BB834003277AD /* AGViewDelegate.m */; };
		06092E0F188BB834003277AD /* CopyConnection.framework in Frameworks */ = {isa = PBXBuildFile; fileRef = 06092DDD188BB834003277AD /* CopyConnection.framework */; };
		06092E10188BB834003277AD /* DouBanConnection.framework in Frameworks */ = {isa = PBXBuildFile; fileRef = 06092DDE188BB834003277AD /* DouBanConnection.framework */; };
		06092E11188BB834003277AD /* EverNoteConnection.framework in Frameworks */ = {isa = PBXBuildFile; fileRef = 06092DDF188BB834003277AD /* EverNoteConnection.framework */; };
		06092E12188BB834003277AD /* MailConnection.framework in Frameworks */ = {isa = PBXBuildFile; fileRef = 06092DE0188BB834003277AD /* MailConnection.framework */; };
		06092E13188BB834003277AD /* PrintConnection.framework in Frameworks */ = {isa = PBXBuildFile; fileRef = 06092DE1188BB834003277AD /* PrintConnection.framework */; };
		06092E14188BB834003277AD /* QQConnection.framework in Frameworks */ = {isa = PBXBuildFile; fileRef = 06092DE2188BB834003277AD /* QQConnection.framework */; };
		06092E15188BB834003277AD /* QZoneConnection.framework in Frameworks */ = {isa = PBXBuildFile; fileRef = 06092DE3188BB834003277AD /* QZoneConnection.framework */; };
		06092E16188BB834003277AD /* SinaWeiboConnection.framework in Frameworks */ = {isa = PBXBuildFile; fileRef = 06092DE4188BB834003277AD /* SinaWeiboConnection.framework */; };
		06092E17188BB834003277AD /* SMSConnection.framework in Frameworks */ = {isa = PBXBuildFile; fileRef = 06092DE5188BB834003277AD /* SMSConnection.framework */; };
		06092E18188BB834003277AD /* TencentWeiboConnection.framework in Frameworks */ = {isa = PBXBuildFile; fileRef = 06092DE6188BB834003277AD /* TencentWeiboConnection.framework */; };
		06092E19188BB834003277AD /* WeChatConnection.framework in Frameworks */ = {isa = PBXBuildFile; fileRef = 06092DE7188BB834003277AD /* WeChatConnection.framework */; };
		06092E1A188BB834003277AD /* AGCommon.framework in Frameworks */ = {isa = PBXBuildFile; fileRef = 06092DE9188BB834003277AD /* AGCommon.framework */; };
		06092E1B188BB834003277AD /* ShareSDKLocalizable.strings in Resources */ = {isa = PBXBuildFile; fileRef = 06092DEA188BB834003277AD /* ShareSDKLocalizable.strings */; };
		06092E1C188BB834003277AD /* Resource.bundle in Resources */ = {isa = PBXBuildFile; fileRef = 06092DEC188BB834003277AD /* Resource.bundle */; };
		06092E1D188BB834003277AD /* ShareSDKCoreService.framework in Frameworks */ = {isa = PBXBuildFile; fileRef = 06092DED188BB834003277AD /* ShareSDKCoreService.framework */; };
		06092E1E188BB834003277AD /* TencentOpenAPI.framework in Frameworks */ = {isa = PBXBuildFile; fileRef = 06092DF1188BB834003277AD /* TencentOpenAPI.framework */; };
		06092E1F188BB834003277AD /* TencentOpenApi_IOS_Bundle.bundle in Resources */ = {isa = PBXBuildFile; fileRef = 06092DF2188BB834003277AD /* TencentOpenApi_IOS_Bundle.bundle */; };
		06092E20188BB834003277AD /* libSinaWeiboSDK.a in Frameworks */ = {isa = PBXBuildFile; fileRef = 06092DF4188BB834003277AD /* libSinaWeiboSDK.a */; };
		06092E21188BB834003277AD /* libWeiboSDK.a in Frameworks */ = {isa = PBXBuildFile; fileRef = 06092DF7188BB834003277AD /* libWeiboSDK.a */; };
		06092E22188BB834003277AD /* libWeChatSDK.a in Frameworks */ = {isa = PBXBuildFile; fileRef = 06092DFB188BB834003277AD /* libWeChatSDK.a */; };
		06092E23188BB834003277AD /* ShareSDK.framework in Frameworks */ = {isa = PBXBuildFile; fileRef = 06092DFE188BB834003277AD /* ShareSDK.framework */; };
		06092E24188BB834003277AD /* ShareSDKiPadDefaultShareViewUI.bundle in Resources */ = {isa = PBXBuildFile; fileRef = 06092E00188BB834003277AD /* ShareSDKiPadDefaultShareViewUI.bundle */; };
		06092E25188BB834003277AD /* ShareSDKiPadDefaultShareViewUI.framework in Frameworks */ = {isa = PBXBuildFile; fileRef = 06092E01188BB834003277AD /* ShareSDKiPadDefaultShareViewUI.framework */; };
		06092E26188BB834003277AD /* ShareSDKiPadSimpleShareViewUI.bundle in Resources */ = {isa = PBXBuildFile; fileRef = 06092E02188BB834003277AD /* ShareSDKiPadSimpleShareViewUI.bundle */; };
		06092E27188BB834003277AD /* ShareSDKiPadSimpleShareViewUI.framework in Frameworks */ = {isa = PBXBuildFile; fileRef = 06092E03188BB834003277AD /* ShareSDKiPadSimpleShareViewUI.framework */; };
		06092E28188BB834003277AD /* ShareSDKiPhoneAppRecommendShareViewUI.framework in Frameworks */ = {isa = PBXBuildFile; fileRef = 06092E04188BB834003277AD /* ShareSDKiPhoneAppRecommendShareViewUI.framework */; };
		06092E29188BB834003277AD /* ShareSDKiPhoneDefaultShareViewUI.bundle in Resources */ = {isa = PBXBuildFile; fileRef = 06092E05188BB834003277AD /* ShareSDKiPhoneDefaultShareViewUI.bundle */; };
		06092E2A188BB834003277AD /* ShareSDKiPhoneDefaultShareViewUI.framework in Frameworks */ = {isa = PBXBuildFile; fileRef = 06092E06188BB834003277AD /* ShareSDKiPhoneDefaultShareViewUI.framework */; };
		06092E2B188BB834003277AD /* ShareSDKiPhoneSimpleShareViewUI.bundle in Resources */ = {isa = PBXBuildFile; fileRef = 06092E07188BB834003277AD /* ShareSDKiPhoneSimpleShareViewUI.bundle */; };
		06092E2C188BB834003277AD /* ShareSDKiPhoneSimpleShareViewUI.framework in Frameworks */ = {isa = PBXBuildFile; fileRef = 06092E08188BB834003277AD /* ShareSDKiPhoneSimpleShareViewUI.framework */; };
		06092E2D188BB834003277AD /* ShareTools.m in Sources */ = {isa = PBXBuildFile; fileRef = 06092E0A188BB834003277AD /* ShareTools.m */; settings = {COMPILER_FLAGS = "-fno-objc-arc"; }; };
		06503636188917D000AE6676 /* libz.1.2.5.dylib in Frameworks */ = {isa = PBXBuildFile; fileRef = 06503635188917D000AE6676 /* libz.1.2.5.dylib */; };
		06503638188917DD00AE6676 /* libstdc++.dylib in Frameworks */ = {isa = PBXBuildFile; fileRef = 06503637188917DD00AE6676 /* libstdc++.dylib */; };
		0650363A188917EF00AE6676 /* libsqlite3.dylib in Frameworks */ = {isa = PBXBuildFile; fileRef = 06503639188917EF00AE6676 /* libsqlite3.dylib */; };
		0650363C1889187F00AE6676 /* QuartzCore.framework in Frameworks */ = {isa = PBXBuildFile; fileRef = 0650363B1889187F00AE6676 /* QuartzCore.framework */; };
		0650363E1889189A00AE6676 /* CoreTelephony.framework in Frameworks */ = {isa = PBXBuildFile; fileRef = 0650363D1889189A00AE6676 /* CoreTelephony.framework */; };
		06503640188918A600AE6676 /* MessageUI.framework in Frameworks */ = {isa = PBXBuildFile; fileRef = 0650363F188918A600AE6676 /* MessageUI.framework */; };
		06503691188919A900AE6676 /* libicucore.dylib in Frameworks */ = {isa = PBXBuildFile; fileRef = 06503690188919A900AE6676 /* libicucore.dylib */; };
		065036E218891AF800AE6676 /* SystemConfiguration.framework in Frameworks */ = {isa = PBXBuildFile; fileRef = 065036E118891AF800AE6676 /* SystemConfiguration.framework */; };
		065036E418891B0F00AE6676 /* AssetsLibrary.framework in Frameworks */ = {isa = PBXBuildFile; fileRef = 065036E318891B0F00AE6676 /* AssetsLibrary.framework */; };
		065037491889391100AE6676 /* AppDelegate.m in Sources */ = {isa = PBXBuildFile; fileRef = 065037461889391100AE6676 /* AppDelegate.m */; };
		0650374A1889391100AE6676 /* ViewController.m in Sources */ = {isa = PBXBuildFile; fileRef = 065037481889391100AE6676 /* ViewController.m */; };
		065037611889394400AE6676 /* Default-568h@2x.png in Resources */ = {isa = PBXBuildFile; fileRef = 0650374D1889394400AE6676 /* Default-568h@2x.png */; };
		065037621889394400AE6676 /* Default.png in Resources */ = {isa = PBXBuildFile; fileRef = 0650374E1889394400AE6676 /* Default.png */; };
		065037631889394400AE6676 /* Default@2x.png in Resources */ = {isa = PBXBuildFile; fileRef = 0650374F1889394400AE6676 /* Default@2x.png */; };
		065037641889394400AE6676 /* photo1.jpg in Resources */ = {isa = PBXBuildFile; fileRef = 065037511889394400AE6676 /* photo1.jpg */; };
		065037651889394400AE6676 /* photo1t.jpg in Resources */ = {isa = PBXBuildFile; fileRef = 065037521889394400AE6676 /* photo1t.jpg */; };
		065037661889394400AE6676 /* photo2.jpg in Resources */ = {isa = PBXBuildFile; fileRef = 065037531889394400AE6676 /* photo2.jpg */; };
		065037671889394400AE6676 /* photo2t.jpg in Resources */ = {isa = PBXBuildFile; fileRef = 065037541889394400AE6676 /* photo2t.jpg */; };
		065037681889394400AE6676 /* photo3.jpg in Resources */ = {isa = PBXBuildFile; fileRef = 065037551889394400AE6676 /* photo3.jpg */; };
		065037691889394400AE6676 /* photo3t.jpg in Resources */ = {isa = PBXBuildFile; fileRef = 065037561889394400AE6676 /* photo3t.jpg */; };
		0650376A1889394400AE6676 /* photo4.jpg in Resources */ = {isa = PBXBuildFile; fileRef = 065037571889394400AE6676 /* photo4.jpg */; };
		0650376B1889394400AE6676 /* photo4t.jpg in Resources */ = {isa = PBXBuildFile; fileRef = 065037581889394400AE6676 /* photo4t.jpg */; };
		0650376C1889394400AE6676 /* photo5.jpg in Resources */ = {isa = PBXBuildFile; fileRef = 065037591889394400AE6676 /* photo5.jpg */; };
		0650376D1889394400AE6676 /* photo5t.jpg in Resources */ = {isa = PBXBuildFile; fileRef = 0650375A1889394400AE6676 /* photo5t.jpg */; };
		0650376E1889394400AE6676 /* photo6.jpg in Resources */ = {isa = PBXBuildFile; fileRef = 0650375B1889394400AE6676 /* photo6.jpg */; };
		0650376F1889394400AE6676 /* photo6t.jpg in Resources */ = {isa = PBXBuildFile; fileRef = 0650375C1889394400AE6676 /* photo6t.jpg */; };
		065037701889394400AE6676 /* photo7.jpg in Resources */ = {isa = PBXBuildFile; fileRef = 0650375D1889394400AE6676 /* photo7.jpg */; };
		065037711889394400AE6676 /* photo7t.jpg in Resources */ = {isa = PBXBuildFile; fileRef = 0650375E1889394400AE6676 /* photo7t.jpg */; };
		065037721889394400AE6676 /* photo8.jpg in Resources */ = {isa = PBXBuildFile; fileRef = 0650375F1889394400AE6676 /* photo8.jpg */; };
		065037731889394400AE6676 /* photo8t.jpg in Resources */ = {isa = PBXBuildFile; fileRef = 065037601889394400AE6676 /* photo8t.jpg */; };
		6EABB5D618278FA4009DFAD6 /* UIKit.framework in Frameworks */ = {isa = PBXBuildFile; fileRef = 6EABB5D518278FA4009DFAD6 /* UIKit.framework */; };
		6EABB5D818278FA4009DFAD6 /* Foundation.framework in Frameworks */ = {isa = PBXBuildFile; fileRef = 6EABB5D718278FA4009DFAD6 /* Foundation.framework */; };
		6EABB5DA18278FA4009DFAD6 /* CoreGraphics.framework in Frameworks */ = {isa = PBXBuildFile; fileRef = 6EABB5D918278FA4009DFAD6 /* CoreGraphics.framework */; };
		6EABB5E018278FA4009DFAD6 /* InfoPlist.strings in Resources */ = {isa = PBXBuildFile; fileRef = 6EABB5DE18278FA4009DFAD6 /* InfoPlist.strings */; };
		6EABB5E218278FA4009DFAD6 /* main.m in Sources */ = {isa = PBXBuildFile; fileRef = 6EABB5E118278FA4009DFAD6 /* main.m */; };
/* End PBXBuildFile section */

/* Begin PBXFileReference section */
		06092DD3188BB834003277AD /* ActionView.h */ = {isa = PBXFileReference; fileEncoding = 4; lastKnownFileType = sourcecode.c.h; path = ActionView.h; sourceTree = "<group>"; };
		06092DD4188BB834003277AD /* ActionView.m */ = {isa = PBXFileReference; fileEncoding = 4; lastKnownFileType = sourcecode.c.objc; path = ActionView.m; sourceTree = "<group>"; };
		06092DD5188BB834003277AD /* ActionViewContent.h */ = {isa = PBXFileReference; fileEncoding = 4; lastKnownFileType = sourcecode.c.h; path = ActionViewContent.h; sourceTree = "<group>"; };
		06092DD6188BB834003277AD /* ActionViewContent.m */ = {isa = PBXFileReference; fileEncoding = 4; lastKnownFileType = sourcecode.c.objc; path = ActionViewContent.m; sourceTree = "<group>"; };
		06092DD7188BB834003277AD /* ActionViewIpadContent.h */ = {isa = PBXFileReference; fileEncoding = 4; lastKnownFileType = sourcecode.c.h; path = ActionViewIpadContent.h; sourceTree = "<group>"; };
		06092DD8188BB834003277AD /* ActionViewIpadContent.m */ = {isa = PBXFileReference; fileEncoding = 4; lastKnownFileType = sourcecode.c.objc; path = ActionViewIpadContent.m; sourceTree = "<group>"; };
		06092DDA188BB834003277AD /* AGViewDelegate.h */ = {isa = PBXFileReference; fileEncoding = 4; lastKnownFileType = sourcecode.c.h; path = AGViewDelegate.h; sourceTree = "<group>"; };
		06092DDB188BB834003277AD /* AGViewDelegate.m */ = {isa = PBXFileReference; fileEncoding = 4; lastKnownFileType = sourcecode.c.objc; path = AGViewDelegate.m; sourceTree = "<group>"; };
		06092DDD188BB834003277AD /* CopyConnection.framework */ = {isa = PBXFileReference; lastKnownFileType = wrapper.framework; path = CopyConnection.framework; sourceTree = "<group>"; };
		06092DDE188BB834003277AD /* DouBanConnection.framework */ = {isa = PBXFileReference; lastKnownFileType = wrapper.framework; path = DouBanConnection.framework; sourceTree = "<group>"; };
		06092DDF188BB834003277AD /* EverNoteConnection.framework */ = {isa = PBXFileReference; lastKnownFileType = wrapper.framework; path = EverNoteConnection.framework; sourceTree = "<group>"; };
		06092DE0188BB834003277AD /* MailConnection.framework */ = {isa = PBXFileReference; lastKnownFileType = wrapper.framework; path = MailConnection.framework; sourceTree = "<group>"; };
		06092DE1188BB834003277AD /* PrintConnection.framework */ = {isa = PBXFileReference; lastKnownFileType = wrapper.framework; path = PrintConnection.framework; sourceTree = "<group>"; };
		06092DE2188BB834003277AD /* QQConnection.framework */ = {isa = PBXFileReference; lastKnownFileType = wrapper.framework; path = QQConnection.framework; sourceTree = "<group>"; };
		06092DE3188BB834003277AD /* QZoneConnection.framework */ = {isa = PBXFileReference; lastKnownFileType = wrapper.framework; path = QZoneConnection.framework; sourceTree = "<group>"; };
		06092DE4188BB834003277AD /* SinaWeiboConnection.framework */ = {isa = PBXFileReference; lastKnownFileType = wrapper.framework; path = SinaWeiboConnection.framework; sourceTree = "<group>"; };
		06092DE5188BB834003277AD /* SMSConnection.framework */ = {isa = PBXFileReference; lastKnownFileType = wrapper.framework; path = SMSConnection.framework; sourceTree = "<group>"; };
		06092DE6188BB834003277AD /* TencentWeiboConnection.framework */ = {isa = PBXFileReference; lastKnownFileType = wrapper.framework; path = TencentWeiboConnection.framework; sourceTree = "<group>"; };
		06092DE7188BB834003277AD /* WeChatConnection.framework */ = {isa = PBXFileReference; lastKnownFileType = wrapper.framework; path = WeChatConnection.framework; sourceTree = "<group>"; };
		06092DE9188BB834003277AD /* AGCommon.framework */ = {isa = PBXFileReference; lastKnownFileType = wrapper.framework; path = AGCommon.framework; sourceTree = "<group>"; };
		06092DEB188BB834003277AD /* en */ = {isa = PBXFileReference; lastKnownFileType = text.plist.strings; name = en; path = en.lproj/ShareSDKLocalizable.strings; sourceTree = "<group>"; };
		06092DEC188BB834003277AD /* Resource.bundle */ = {isa = PBXFileReference; lastKnownFileType = "wrapper.plug-in"; path = Resource.bundle; sourceTree = "<group>"; };
		06092DED188BB834003277AD /* ShareSDKCoreService.framework */ = {isa = PBXFileReference; lastKnownFileType = wrapper.framework; path = ShareSDKCoreService.framework; sourceTree = "<group>"; };
		06092DEE188BB834003277AD /* zh-Hans */ = {isa = PBXFileReference; lastKnownFileType = text.plist.strings; name = "zh-Hans"; path = "zh-Hans.lproj/ShareSDKLocalizable.strings"; sourceTree = "<group>"; };
		06092DF1188BB834003277AD /* TencentOpenAPI.framework */ = {isa = PBXFileReference; lastKnownFileType = wrapper.framework; path = TencentOpenAPI.framework; sourceTree = "<group>"; };
		06092DF2188BB834003277AD /* TencentOpenApi_IOS_Bundle.bundle */ = {isa = PBXFileReference; lastKnownFileType = "wrapper.plug-in"; path = TencentOpenApi_IOS_Bundle.bundle; sourceTree = "<group>"; };
		06092DF4188BB834003277AD /* libSinaWeiboSDK.a */ = {isa = PBXFileReference; lastKnownFileType = archive.ar; path = libSinaWeiboSDK.a; sourceTree = "<group>"; };
		06092DF5188BB834003277AD /* WeiboSDK.h */ = {isa = PBXFileReference; fileEncoding = 4; lastKnownFileType = sourcecode.c.h; path = WeiboSDK.h; sourceTree = "<group>"; };
		06092DF7188BB834003277AD /* libWeiboSDK.a */ = {isa = PBXFileReference; lastKnownFileType = archive.ar; path = libWeiboSDK.a; sourceTree = "<group>"; };
		06092DF8188BB834003277AD /* WBApi.h */ = {isa = PBXFileReference; fileEncoding = 4; lastKnownFileType = sourcecode.c.h; path = WBApi.h; sourceTree = "<group>"; };
		06092DF9188BB834003277AD /* WBApiObject.h */ = {isa = PBXFileReference; fileEncoding = 4; lastKnownFileType = sourcecode.c.h; path = WBApiObject.h; sourceTree = "<group>"; };
		06092DFB188BB834003277AD /* libWeChatSDK.a */ = {isa = PBXFileReference; lastKnownFileType = archive.ar; path = libWeChatSDK.a; sourceTree = "<group>"; };
		06092DFC188BB834003277AD /* WXApi.h */ = {isa = PBXFileReference; fileEncoding = 4; lastKnownFileType = sourcecode.c.h; path = WXApi.h; sourceTree = "<group>"; };
		06092DFD188BB834003277AD /* WXApiObject.h */ = {isa = PBXFileReference; fileEncoding = 4; lastKnownFileType = sourcecode.c.h; path = WXApiObject.h; sourceTree = "<group>"; };
		06092DFE188BB834003277AD /* ShareSDK.framework */ = {isa = PBXFileReference; lastKnownFileType = wrapper.framework; path = ShareSDK.framework; sourceTree = "<group>"; };
		06092E00188BB834003277AD /* ShareSDKiPadDefaultShareViewUI.bundle */ = {isa = PBXFileReference; lastKnownFileType = "wrapper.plug-in"; path = ShareSDKiPadDefaultShareViewUI.bundle; sourceTree = "<group>"; };
		06092E01188BB834003277AD /* ShareSDKiPadDefaultShareViewUI.framework */ = {isa = PBXFileReference; lastKnownFileType = wrapper.framework; path = ShareSDKiPadDefaultShareViewUI.framework; sourceTree = "<group>"; };
		06092E02188BB834003277AD /* ShareSDKiPadSimpleShareViewUI.bundle */ = {isa = PBXFileReference; lastKnownFileType = "wrapper.plug-in"; path = ShareSDKiPadSimpleShareViewUI.bundle; sourceTree = "<group>"; };
		06092E03188BB834003277AD /* ShareSDKiPadSimpleShareViewUI.framework */ = {isa = PBXFileReference; lastKnownFileType = wrapper.framework; path = ShareSDKiPadSimpleShareViewUI.framework; sourceTree = "<group>"; };
		06092E04188BB834003277AD /* ShareSDKiPhoneAppRecommendShareViewUI.framework */ = {isa = PBXFileReference; lastKnownFileType = wrapper.framework; path = ShareSDKiPhoneAppRecommendShareViewUI.framework; sourceTree = "<group>"; };
		06092E05188BB834003277AD /* ShareSDKiPhoneDefaultShareViewUI.bundle */ = {isa = PBXFileReference; lastKnownFileType = "wrapper.plug-in"; path = ShareSDKiPhoneDefaultShareViewUI.bundle; sourceTree = "<group>"; };
		06092E06188BB834003277AD /* ShareSDKiPhoneDefaultShareViewUI.framework */ = {isa = PBXFileReference; lastKnownFileType = wrapper.framework; path = ShareSDKiPhoneDefaultShareViewUI.framework; sourceTree = "<group>"; };
		06092E07188BB834003277AD /* ShareSDKiPhoneSimpleShareViewUI.bundle */ = {isa = PBXFileReference; lastKnownFileType = "wrapper.plug-in"; path = ShareSDKiPhoneSimpleShareViewUI.bundle; sourceTree = "<group>"; };
		06092E08188BB834003277AD /* ShareSDKiPhoneSimpleShareViewUI.framework */ = {isa = PBXFileReference; lastKnownFileType = wrapper.framework; path = ShareSDKiPhoneSimpleShareViewUI.framework; sourceTree = "<group>"; };
		06092E09188BB834003277AD /* ShareTools.h */ = {isa = PBXFileReference; fileEncoding = 4; lastKnownFileType = sourcecode.c.h; path = ShareTools.h; sourceTree = "<group>"; };
		06092E0A188BB834003277AD /* ShareTools.m */ = {isa = PBXFileReference; fileEncoding = 4; lastKnownFileType = sourcecode.c.objc; path = ShareTools.m; sourceTree = "<group>"; };
		06503635188917D000AE6676 /* libz.1.2.5.dylib */ = {isa = PBXFileReference; lastKnownFileType = "compiled.mach-o.dylib"; name = libz.1.2.5.dylib; path = usr/lib/libz.1.2.5.dylib; sourceTree = SDKROOT; };
		06503637188917DD00AE6676 /* libstdc++.dylib */ = {isa = PBXFileReference; lastKnownFileType = "compiled.mach-o.dylib"; name = "libstdc++.dylib"; path = "usr/lib/libstdc++.dylib"; sourceTree = SDKROOT; };
		06503639188917EF00AE6676 /* libsqlite3.dylib */ = {isa = PBXFileReference; lastKnownFileType = "compiled.mach-o.dylib"; name = libsqlite3.dylib; path = usr/lib/libsqlite3.dylib; sourceTree = SDKROOT; };
		0650363B1889187F00AE6676 /* QuartzCore.framework */ = {isa = PBXFileReference; lastKnownFileType = wrapper.framework; name = QuartzCore.framework; path = System/Library/Frameworks/QuartzCore.framework; sourceTree = SDKROOT; };
		0650363D1889189A00AE6676 /* CoreTelephony.framework */ = {isa = PBXFileReference; lastKnownFileType = wrapper.framework; name = CoreTelephony.framework; path = System/Library/Frameworks/CoreTelephony.framework; sourceTree = SDKROOT; };
		0650363F188918A600AE6676 /* MessageUI.framework */ = {isa = PBXFileReference; lastKnownFileType = wrapper.framework; name = MessageUI.framework; path = System/Library/Frameworks/MessageUI.framework; sourceTree = SDKROOT; };
		06503690188919A900AE6676 /* libicucore.dylib */ = {isa = PBXFileReference; lastKnownFileType = "compiled.mach-o.dylib"; name = libicucore.dylib; path = usr/lib/libicucore.dylib; sourceTree = SDKROOT; };
		065036E118891AF800AE6676 /* SystemConfiguration.framework */ = {isa = PBXFileReference; lastKnownFileType = wrapper.framework; name = SystemConfiguration.framework; path = System/Library/Frameworks/SystemConfiguration.framework; sourceTree = SDKROOT; };
		065036E318891B0F00AE6676 /* AssetsLibrary.framework */ = {isa = PBXFileReference; lastKnownFileType = wrapper.framework; name = AssetsLibrary.framework; path = System/Library/Frameworks/AssetsLibrary.framework; sourceTree = SDKROOT; };
		065037451889391100AE6676 /* AppDelegate.h */ = {isa = PBXFileReference; fileEncoding = 4; lastKnownFileType = sourcecode.c.h; name = AppDelegate.h; path = Class/AppDelegate.h; sourceTree = "<group>"; };
		065037461889391100AE6676 /* AppDelegate.m */ = {isa = PBXFileReference; fileEncoding = 4; lastKnownFileType = sourcecode.c.objc; name = AppDelegate.m; path = Class/AppDelegate.m; sourceTree = "<group>"; };
		065037471889391100AE6676 /* ViewController.h */ = {isa = PBXFileReference; fileEncoding = 4; lastKnownFileType = sourcecode.c.h; path = ViewController.h; sourceTree = "<group>"; };
		065037481889391100AE6676 /* ViewController.m */ = {isa = PBXFileReference; fileEncoding = 4; lastKnownFileType = sourcecode.c.objc; path = ViewController.m; sourceTree = "<group>"; };
		0650374D1889394400AE6676 /* Default-568h@2x.png */ = {isa = PBXFileReference; lastKnownFileType = image.png; path = "Default-568h@2x.png"; sourceTree = "<group>"; };
		0650374E1889394400AE6676 /* Default.png */ = {isa = PBXFileReference; lastKnownFileType = image.png; path = Default.png; sourceTree = "<group>"; };
		0650374F1889394400AE6676 /* Default@2x.png */ = {isa = PBXFileReference; lastKnownFileType = image.png; path = "Default@2x.png"; sourceTree = "<group>"; };
		065037511889394400AE6676 /* photo1.jpg */ = {isa = PBXFileReference; lastKnownFileType = image.jpeg; path = photo1.jpg; sourceTree = "<group>"; };
		065037521889394400AE6676 /* photo1t.jpg */ = {isa = PBXFileReference; lastKnownFileType = image.jpeg; path = photo1t.jpg; sourceTree = "<group>"; };
		065037531889394400AE6676 /* photo2.jpg */ = {isa = PBXFileReference; lastKnownFileType = image.jpeg; path = photo2.jpg; sourceTree = "<group>"; };
		065037541889394400AE6676 /* photo2t.jpg */ = {isa = PBXFileReference; lastKnownFileType = image.jpeg; path = photo2t.jpg; sourceTree = "<group>"; };
		065037551889394400AE6676 /* photo3.jpg */ = {isa = PBXFileReference; lastKnownFileType = image.jpeg; path = photo3.jpg; sourceTree = "<group>"; };
		065037561889394400AE6676 /* photo3t.jpg */ = {isa = PBXFileReference; lastKnownFileType = image.jpeg; path = photo3t.jpg; sourceTree = "<group>"; };
		065037571889394400AE6676 /* photo4.jpg */ = {isa = PBXFileReference; lastKnownFileType = image.jpeg; path = photo4.jpg; sourceTree = "<group>"; };
		065037581889394400AE6676 /* photo4t.jpg */ = {isa = PBXFileReference; lastKnownFileType = image.jpeg; path = photo4t.jpg; sourceTree = "<group>"; };
		065037591889394400AE6676 /* photo5.jpg */ = {isa = PBXFileReference; lastKnownFileType = image.jpeg; path = photo5.jpg; sourceTree = "<group>"; };
		0650375A1889394400AE6676 /* photo5t.jpg */ = {isa = PBXFileReference; lastKnownFileType = image.jpeg; path = photo5t.jpg; sourceTree = "<group>"; };
		0650375B1889394400AE6676 /* photo6.jpg */ = {isa = PBXFileReference; lastKnownFileType = image.jpeg; path = photo6.jpg; sourceTree = "<group>"; };
		0650375C1889394400AE6676 /* photo6t.jpg */ = {isa = PBXFileReference; lastKnownFileType = image.jpeg; path = photo6t.jpg; sourceTree = "<group>"; };
		0650375D1889394400AE6676 /* photo7.jpg */ = {isa = PBXFileReference; lastKnownFileType = image.jpeg; path = photo7.jpg; sourceTree = "<group>"; };
		0650375E1889394400AE6676 /* photo7t.jpg */ = {isa = PBXFileReference; lastKnownFileType = image.jpeg; path = photo7t.jpg; sourceTree = "<group>"; };
		0650375F1889394400AE6676 /* photo8.jpg */ = {isa = PBXFileReference; lastKnownFileType = image.jpeg; path = photo8.jpg; sourceTree = "<group>"; };
		065037601889394400AE6676 /* photo8t.jpg */ = {isa = PBXFileReference; lastKnownFileType = image.jpeg; path = photo8t.jpg; sourceTree = "<group>"; };
		6EABB5D218278FA4009DFAD6 /* Test.app */ = {isa = PBXFileReference; explicitFileType = wrapper.application; includeInIndex = 0; path = Test.app; sourceTree = BUILT_PRODUCTS_DIR; };
		6EABB5D518278FA4009DFAD6 /* UIKit.framework */ = {isa = PBXFileReference; lastKnownFileType = wrapper.framework; name = UIKit.framework; path = System/Library/Frameworks/UIKit.framework; sourceTree = SDKROOT; };
		6EABB5D718278FA4009DFAD6 /* Foundation.framework */ = {isa = PBXFileReference; lastKnownFileType = wrapper.framework; name = Foundation.framework; path = System/Library/Frameworks/Foundation.framework; sourceTree = SDKROOT; };
		6EABB5D918278FA4009DFAD6 /* CoreGraphics.framework */ = {isa = PBXFileReference; lastKnownFileType = wrapper.framework; name = CoreGraphics.framework; path = System/Library/Frameworks/CoreGraphics.framework; sourceTree = SDKROOT; };
		6EABB5DD18278FA4009DFAD6 /* Test-Info.plist */ = {isa = PBXFileReference; lastKnownFileType = text.plist.xml; path = "Test-Info.plist"; sourceTree = "<group>"; };
		6EABB5DF18278FA4009DFAD6 /* en */ = {isa = PBXFileReference; lastKnownFileType = text.plist.strings; name = en; path = en.lproj/InfoPlist.strings; sourceTree = "<group>"; };
		6EABB5E118278FA4009DFAD6 /* main.m */ = {isa = PBXFileReference; lastKnownFileType = sourcecode.c.objc; path = main.m; sourceTree = "<group>"; };
		6EABB5E318278FA4009DFAD6 /* Test-Prefix.pch */ = {isa = PBXFileReference; lastKnownFileType = sourcecode.c.h; path = "Test-Prefix.pch"; sourceTree = "<group>"; };
/* End PBXFileReference section */

/* Begin PBXFrameworksBuildPhase section */
		6EABB5CF18278FA4009DFAD6 /* Frameworks */ = {
			isa = PBXFrameworksBuildPhase;
			buildActionMask = 2147483647;
			files = (
				06092E1D188BB834003277AD /* ShareSDKCoreService.framework in Frameworks */,
				06092E25188BB834003277AD /* ShareSDKiPadDefaultShareViewUI.framework in Frameworks */,
				06092E0F188BB834003277AD /* CopyConnection.framework in Frameworks */,
				065036E418891B0F00AE6676 /* AssetsLibrary.framework in Frameworks */,
				06092E21188BB834003277AD /* libWeiboSDK.a in Frameworks */,
				06092E11188BB834003277AD /* EverNoteConnection.framework in Frameworks */,
				06092E17188BB834003277AD /* SMSConnection.framework in Frameworks */,
				065036E218891AF800AE6676 /* SystemConfiguration.framework in Frameworks */,
				06503691188919A900AE6676 /* libicucore.dylib in Frameworks */,
				06092E18188BB834003277AD /* TencentWeiboConnection.framework in Frameworks */,
				06092E23188BB834003277AD /* ShareSDK.framework in Frameworks */,
				06092E22188BB834003277AD /* libWeChatSDK.a in Frameworks */,
				06092E27188BB834003277AD /* ShareSDKiPadSimpleShareViewUI.framework in Frameworks */,
				06092E15188BB834003277AD /* QZoneConnection.framework in Frameworks */,
				0650363A188917EF00AE6676 /* libsqlite3.dylib in Frameworks */,
				06503638188917DD00AE6676 /* libstdc++.dylib in Frameworks */,
				06092E12188BB834003277AD /* MailConnection.framework in Frameworks */,
				06503636188917D000AE6676 /* libz.1.2.5.dylib in Frameworks */,
				0650363E1889189A00AE6676 /* CoreTelephony.framework in Frameworks */,
				06092E14188BB834003277AD /* QQConnection.framework in Frameworks */,
				06503640188918A600AE6676 /* MessageUI.framework in Frameworks */,
				06092E20188BB834003277AD /* libSinaWeiboSDK.a in Frameworks */,
				06092E1A188BB834003277AD /* AGCommon.framework in Frameworks */,
				06092E1E188BB834003277AD /* TencentOpenAPI.framework in Frameworks */,
				0650363C1889187F00AE6676 /* QuartzCore.framework in Frameworks */,
				06092E19188BB834003277AD /* WeChatConnection.framework in Frameworks */,
				6EABB5D618278FA4009DFAD6 /* UIKit.framework in Frameworks */,
				06092E2C188BB834003277AD /* ShareSDKiPhoneSimpleShareViewUI.framework in Frameworks */,
				06092E2A188BB834003277AD /* ShareSDKiPhoneDefaultShareViewUI.framework in Frameworks */,
				06092E13188BB834003277AD /* PrintConnection.framework in Frameworks */,
				06092E10188BB834003277AD /* DouBanConnection.framework in Frameworks */,
				6EABB5D818278FA4009DFAD6 /* Foundation.framework in Frameworks */,
				06092E28188BB834003277AD /* ShareSDKiPhoneAppRecommendShareViewUI.framework in Frameworks */,
				06092E16188BB834003277AD /* SinaWeiboConnection.framework in Frameworks */,
				6EABB5DA18278FA4009DFAD6 /* CoreGraphics.framework in Frameworks */,
			);
			runOnlyForDeploymentPostprocessing = 0;
		};
/* End PBXFrameworksBuildPhase section */

/* Begin PBXGroup section */
		06092DD1188BB834003277AD /* shareAcionSource */ = {
			isa = PBXGroup;
			children = (
				06092DD2188BB834003277AD /* CustomView */,
				06092DD9188BB834003277AD /* ShareSDK_v2.6.1 */,
				06092E09188BB834003277AD /* ShareTools.h */,
				06092E0A188BB834003277AD /* ShareTools.m */,
			);
			path = shareAcionSource;
			sourceTree = "<group>";
		};
		06092DD2188BB834003277AD /* CustomView */ = {
			isa = PBXGroup;
			children = (
				06092DD3188BB834003277AD /* ActionView.h */,
				06092DD4188BB834003277AD /* ActionView.m */,
				06092DD5188BB834003277AD /* ActionViewContent.h */,
				06092DD6188BB834003277AD /* ActionViewContent.m */,
				06092DD7188BB834003277AD /* ActionViewIpadContent.h */,
				06092DD8188BB834003277AD /* ActionViewIpadContent.m */,
			);
			path = CustomView;
			sourceTree = "<group>";
		};
		06092DD9188BB834003277AD /* ShareSDK_v2.6.1 */ = {
			isa = PBXGroup;
			children = (
				06092DDA188BB834003277AD /* AGViewDelegate.h */,
				06092DDB188BB834003277AD /* AGViewDelegate.m */,
				06092DDC188BB834003277AD /* Connection */,
				06092DE8188BB834003277AD /* Core */,
				06092DEF188BB834003277AD /* Extend */,
				06092DFE188BB834003277AD /* ShareSDK.framework */,
				06092DFF188BB834003277AD /* UI */,
			);
			path = ShareSDK_v2.6.1;
			sourceTree = "<group>";
		};
		06092DDC188BB834003277AD /* Connection */ = {
			isa = PBXGroup;
			children = (
				06092DDD188BB834003277AD /* CopyConnection.framework */,
				06092DDE188BB834003277AD /* DouBanConnection.framework */,
				06092DDF188BB834003277AD /* EverNoteConnection.framework */,
				06092DE0188BB834003277AD /* MailConnection.framework */,
				06092DE1188BB834003277AD /* PrintConnection.framework */,
				06092DE2188BB834003277AD /* QQConnection.framework */,
				06092DE3188BB834003277AD /* QZoneConnection.framework */,
				06092DE4188BB834003277AD /* SinaWeiboConnection.framework */,
				06092DE5188BB834003277AD /* SMSConnection.framework */,
				06092DE6188BB834003277AD /* TencentWeiboConnection.framework */,
				06092DE7188BB834003277AD /* WeChatConnection.framework */,
			);
			path = Connection;
			sourceTree = "<group>";
		};
		06092DE8188BB834003277AD /* Core */ = {
			isa = PBXGroup;
			children = (
				06092DE9188BB834003277AD /* AGCommon.framework */,
				06092DEA188BB834003277AD /* ShareSDKLocalizable.strings */,
				06092DEC188BB834003277AD /* Resource.bundle */,
				06092DED188BB834003277AD /* ShareSDKCoreService.framework */,
			);
			path = Core;
			sourceTree = "<group>";
		};
		06092DEF188BB834003277AD /* Extend */ = {
			isa = PBXGroup;
			children = (
				06092DF0188BB834003277AD /* QQConnectSDK */,
				06092DF3188BB834003277AD /* SinaWeiboSDK */,
				06092DF6188BB834003277AD /* TencentWeiboSDK */,
				06092DFA188BB834003277AD /* WeChatSDK */,
			);
			path = Extend;
			sourceTree = "<group>";
		};
		06092DF0188BB834003277AD /* QQConnectSDK */ = {
			isa = PBXGroup;
			children = (
				06092DF1188BB834003277AD /* TencentOpenAPI.framework */,
				06092DF2188BB834003277AD /* TencentOpenApi_IOS_Bundle.bundle */,
			);
			path = QQConnectSDK;
			sourceTree = "<group>";
		};
		06092DF3188BB834003277AD /* SinaWeiboSDK */ = {
			isa = PBXGroup;
			children = (
				06092DF4188BB834003277AD /* libSinaWeiboSDK.a */,
				06092DF5188BB834003277AD /* WeiboSDK.h */,
			);
			path = SinaWeiboSDK;
			sourceTree = "<group>";
		};
		06092DF6188BB834003277AD /* TencentWeiboSDK */ = {
			isa = PBXGroup;
			children = (
				06092DF7188BB834003277AD /* libWeiboSDK.a */,
				06092DF8188BB834003277AD /* WBApi.h */,
				06092DF9188BB834003277AD /* WBApiObject.h */,
			);
			path = TencentWeiboSDK;
			sourceTree = "<group>";
		};
		06092DFA188BB834003277AD /* WeChatSDK */ = {
			isa = PBXGroup;
			children = (
				06092DFB188BB834003277AD /* libWeChatSDK.a */,
				06092DFC188BB834003277AD /* WXApi.h */,
				06092DFD188BB834003277AD /* WXApiObject.h */,
			);
			path = WeChatSDK;
			sourceTree = "<group>";
		};
		06092DFF188BB834003277AD /* UI */ = {
			isa = PBXGroup;
			children = (
				06092E00188BB834003277AD /* ShareSDKiPadDefaultShareViewUI.bundle */,
				06092E01188BB834003277AD /* ShareSDKiPadDefaultShareViewUI.framework */,
				06092E02188BB834003277AD /* ShareSDKiPadSimpleShareViewUI.bundle */,
				06092E03188BB834003277AD /* ShareSDKiPadSimpleShareViewUI.framework */,
				06092E04188BB834003277AD /* ShareSDKiPhoneAppRecommendShareViewUI.framework */,
				06092E05188BB834003277AD /* ShareSDKiPhoneDefaultShareViewUI.bundle */,
				06092E06188BB834003277AD /* ShareSDKiPhoneDefaultShareViewUI.framework */,
				06092E07188BB834003277AD /* ShareSDKiPhoneSimpleShareViewUI.bundle */,
				06092E08188BB834003277AD /* ShareSDKiPhoneSimpleShareViewUI.framework */,
			);
			path = UI;
			sourceTree = "<group>";
		};
		065037441889391100AE6676 /* Class */ = {
			isa = PBXGroup;
			children = (
				065037471889391100AE6676 /* ViewController.h */,
				065037481889391100AE6676 /* ViewController.m */,
			);
			path = Class;
			sourceTree = "<group>";
		};
		0650374B1889394400AE6676 /* image */ = {
			isa = PBXGroup;
			children = (
				0650374C1889394400AE6676 /* app_image */,
				065037501889394400AE6676 /* Photos */,
			);
			path = image;
			sourceTree = "<group>";
		};
		0650374C1889394400AE6676 /* app_image */ = {
			isa = PBXGroup;
			children = (
				0650374D1889394400AE6676 /* Default-568h@2x.png */,
				0650374E1889394400AE6676 /* Default.png */,
				0650374F1889394400AE6676 /* Default@2x.png */,
			);
			path = app_image;
			sourceTree = "<group>";
		};
		065037501889394400AE6676 /* Photos */ = {
			isa = PBXGroup;
			children = (
				065037511889394400AE6676 /* photo1.jpg */,
				065037521889394400AE6676 /* photo1t.jpg */,
				065037531889394400AE6676 /* photo2.jpg */,
				065037541889394400AE6676 /* photo2t.jpg */,
				065037551889394400AE6676 /* photo3.jpg */,
				065037561889394400AE6676 /* photo3t.jpg */,
				065037571889394400AE6676 /* photo4.jpg */,
				065037581889394400AE6676 /* photo4t.jpg */,
				065037591889394400AE6676 /* photo5.jpg */,
				0650375A1889394400AE6676 /* photo5t.jpg */,
				0650375B1889394400AE6676 /* photo6.jpg */,
				0650375C1889394400AE6676 /* photo6t.jpg */,
				0650375D1889394400AE6676 /* photo7.jpg */,
				0650375E1889394400AE6676 /* photo7t.jpg */,
				0650375F1889394400AE6676 /* photo8.jpg */,
				065037601889394400AE6676 /* photo8t.jpg */,
			);
			path = Photos;
			sourceTree = "<group>";
		};
		6EABB5C918278FA4009DFAD6 = {
			isa = PBXGroup;
			children = (
				6EABB5DB18278FA4009DFAD6 /* Test */,
				6EABB5D418278FA4009DFAD6 /* Frameworks */,
				6EABB5D318278FA4009DFAD6 /* Products */,
			);
			sourceTree = "<group>";
		};
		6EABB5D318278FA4009DFAD6 /* Products */ = {
			isa = PBXGroup;
			children = (
				6EABB5D218278FA4009DFAD6 /* Test.app */,
			);
			name = Products;
			sourceTree = "<group>";
		};
		6EABB5D418278FA4009DFAD6 /* Frameworks */ = {
			isa = PBXGroup;
			children = (
				065036E318891B0F00AE6676 /* AssetsLibrary.framework */,
				065036E118891AF800AE6676 /* SystemConfiguration.framework */,
				06503690188919A900AE6676 /* libicucore.dylib */,
				0650363F188918A600AE6676 /* MessageUI.framework */,
				0650363D1889189A00AE6676 /* CoreTelephony.framework */,
				0650363B1889187F00AE6676 /* QuartzCore.framework */,
				06503639188917EF00AE6676 /* libsqlite3.dylib */,
				06503637188917DD00AE6676 /* libstdc++.dylib */,
				06503635188917D000AE6676 /* libz.1.2.5.dylib */,
				6EABB5D518278FA4009DFAD6 /* UIKit.framework */,
				6EABB5D718278FA4009DFAD6 /* Foundation.framework */,
				6EABB5D918278FA4009DFAD6 /* CoreGraphics.framework */,
			);
			name = Frameworks;
			sourceTree = "<group>";
		};
		6EABB5DB18278FA4009DFAD6 /* Test */ = {
			isa = PBXGroup;
			children = (
				06092DD1188BB834003277AD /* shareAcionSource */,
				065037441889391100AE6676 /* Class */,
				065037451889391100AE6676 /* AppDelegate.h */,
				065037461889391100AE6676 /* AppDelegate.m */,
				6EABB5DC18278FA4009DFAD6 /* Supporting Files */,
			);
			path = Test;
			sourceTree = "<group>";
		};
		6EABB5DC18278FA4009DFAD6 /* Supporting Files */ = {
			isa = PBXGroup;
			children = (
				0650374B1889394400AE6676 /* image */,
				6EABB5DD18278FA4009DFAD6 /* Test-Info.plist */,
				6EABB5DE18278FA4009DFAD6 /* InfoPlist.strings */,
				6EABB5E118278FA4009DFAD6 /* main.m */,
				6EABB5E318278FA4009DFAD6 /* Test-Prefix.pch */,
			);
			name = "Supporting Files";
			sourceTree = "<group>";
		};
/* End PBXGroup section */

/* Begin PBXNativeTarget section */
		6EABB5D118278FA4009DFAD6 /* Test */ = {
			isa = PBXNativeTarget;
			buildConfigurationList = 6EABB5EF18278FA4009DFAD6 /* Build configuration list for PBXNativeTarget "Test" */;
			buildPhases = (
				6EABB5CE18278FA4009DFAD6 /* Sources */,
				6EABB5CF18278FA4009DFAD6 /* Frameworks */,
				6EABB5D018278FA4009DFAD6 /* Resources */,
			);
			buildRules = (
			);
			dependencies = (
			);
			name = Test;
			productName = Test;
			productReference = 6EABB5D218278FA4009DFAD6 /* Test.app */;
			productType = "com.apple.product-type.application";
		};
/* End PBXNativeTarget section */

/* Begin PBXProject section */
		6EABB5CA18278FA4009DFAD6 /* Project object */ = {
			isa = PBXProject;
			attributes = {
				LastUpgradeCheck = 0460;
				ORGANIZATIONNAME = crte;
			};
			buildConfigurationList = 6EABB5CD18278FA4009DFAD6 /* Build configuration list for PBXProject "Test" */;
			compatibilityVersion = "Xcode 3.2";
			developmentRegion = English;
			hasScannedForEncodings = 0;
			knownRegions = (
				en,
				"zh-Hans",
			);
			mainGroup = 6EABB5C918278FA4009DFAD6;
			productRefGroup = 6EABB5D318278FA4009DFAD6 /* Products */;
			projectDirPath = "";
			projectRoot = "";
			targets = (
				6EABB5D118278FA4009DFAD6 /* Test */,
			);
		};
/* End PBXProject section */

/* Begin PBXResourcesBuildPhase section */
		6EABB5D018278FA4009DFAD6 /* Resources */ = {
			isa = PBXResourcesBuildPhase;
			buildActionMask = 2147483647;
			files = (
				0650376C1889394400AE6676 /* photo5.jpg in Resources */,
				06092E24188BB834003277AD /* ShareSDKiPadDefaultShareViewUI.bundle in Resources */,
				06092E1C188BB834003277AD /* Resource.bundle in Resources */,
				0650376E1889394400AE6676 /* photo6.jpg in Resources */,
				065037701889394400AE6676 /* photo7.jpg in Resources */,
				065037731889394400AE6676 /* photo8t.jpg in Resources */,
				06092E29188BB834003277AD /* ShareSDKiPhoneDefaultShareViewUI.bundle in Resources */,
				065037611889394400AE6676 /* Default-568h@2x.png in Resources */,
				6EABB5E018278FA4009DFAD6 /* InfoPlist.strings in Resources */,
				06092E1B188BB834003277AD /* ShareSDKLocalizable.strings in Resources */,
				065037631889394400AE6676 /* Default@2x.png in Resources */,
				065037681889394400AE6676 /* photo3.jpg in Resources */,
				0650376D1889394400AE6676 /* photo5t.jpg in Resources */,
				0650376B1889394400AE6676 /* photo4t.jpg in Resources */,
				065037651889394400AE6676 /* photo1t.jpg in Resources */,
				065037721889394400AE6676 /* photo8.jpg in Resources */,
				06092E1F188BB834003277AD /* TencentOpenApi_IOS_Bundle.bundle in Resources */,
				065037661889394400AE6676 /* photo2.jpg in Resources */,
				06092E2B188BB834003277AD /* ShareSDKiPhoneSimpleShareViewUI.bundle in Resources */,
				065037641889394400AE6676 /* photo1.jpg in Resources */,
				065037711889394400AE6676 /* photo7t.jpg in Resources */,
				0650376F1889394400AE6676 /* photo6t.jpg in Resources */,
				065037691889394400AE6676 /* photo3t.jpg in Resources */,
				065037671889394400AE6676 /* photo2t.jpg in Resources */,
				06092E26188BB834003277AD /* ShareSDKiPadSimpleShareViewUI.bundle in Resources */,
				065037621889394400AE6676 /* Default.png in Resources */,
				0650376A1889394400AE6676 /* photo4.jpg in Resources */,
			);
			runOnlyForDeploymentPostprocessing = 0;
		};
/* End PBXResourcesBuildPhase section */

/* Begin PBXSourcesBuildPhase section */
		6EABB5CE18278FA4009DFAD6 /* Sources */ = {
			isa = PBXSourcesBuildPhase;
			buildActionMask = 2147483647;
			files = (
				06092E0B188BB834003277AD /* ActionView.m in Sources */,
				6EABB5E218278FA4009DFAD6 /* main.m in Sources */,
				06092E0E188BB834003277AD /* AGViewDelegate.m in Sources */,
				06092E2D188BB834003277AD /* ShareTools.m in Sources */,
				06092E0C188BB834003277AD /* ActionViewContent.m in Sources */,
				0650374A1889391100AE6676 /* ViewController.m in Sources */,
				06092E0D188BB834003277AD /* ActionViewIpadContent.m in Sources */,
				065037491889391100AE6676 /* AppDelegate.m in Sources */,
			);
			runOnlyForDeploymentPostprocessing = 0;
		};
/* End PBXSourcesBuildPhase section */

/* Begin PBXVariantGroup section */
		06092DEA188BB834003277AD /* ShareSDKLocalizable.strings */ = {
			isa = PBXVariantGroup;
			children = (
				06092DEB188BB834003277AD /* en */,
				06092DEE188BB834003277AD /* zh-Hans */,
			);
			name = ShareSDKLocalizable.strings;
			sourceTree = "<group>";
		};
		6EABB5DE18278FA4009DFAD6 /* InfoPlist.strings */ = {
			isa = PBXVariantGroup;
			children = (
				6EABB5DF18278FA4009DFAD6 /* en */,
			);
			name = InfoPlist.strings;
			sourceTree = "<group>";
		};
/* End PBXVariantGroup section */

/* Begin XCBuildConfiguration section */
		6EABB5ED18278FA4009DFAD6 /* Debug */ = {
			isa = XCBuildConfiguration;
			buildSettings = {
				ALWAYS_SEARCH_USER_PATHS = NO;
				CLANG_CXX_LANGUAGE_STANDARD = "gnu++0x";
				CLANG_CXX_LIBRARY = "libc++";
				CLANG_ENABLE_OBJC_ARC = YES;
				CLANG_WARN_CONSTANT_CONVERSION = YES;
				CLANG_WARN_EMPTY_BODY = YES;
				CLANG_WARN_ENUM_CONVERSION = YES;
				CLANG_WARN_INT_CONVERSION = YES;
				CLANG_WARN__DUPLICATE_METHOD_MATCH = YES;
				"CODE_SIGN_IDENTITY[sdk=iphoneos*]" = "iPhone Developer";
				COPY_PHASE_STRIP = NO;
				GCC_C_LANGUAGE_STANDARD = gnu99;
				GCC_DYNAMIC_NO_PIC = NO;
				GCC_OPTIMIZATION_LEVEL = 0;
				GCC_PREPROCESSOR_DEFINITIONS = (
					"DEBUG=1",
					"$(inherited)",
				);
				GCC_SYMBOLS_PRIVATE_EXTERN = NO;
				GCC_WARN_ABOUT_RETURN_TYPE = YES;
				GCC_WARN_UNINITIALIZED_AUTOS = YES;
				GCC_WARN_UNUSED_VARIABLE = YES;
				IPHONEOS_DEPLOYMENT_TARGET = 6.1;
				ONLY_ACTIVE_ARCH = YES;
				SDKROOT = iphoneos;
			};
			name = Debug;
		};
		6EABB5EE18278FA4009DFAD6 /* Release */ = {
			isa = XCBuildConfiguration;
			buildSettings = {
				ALWAYS_SEARCH_USER_PATHS = NO;
				CLANG_CXX_LANGUAGE_STANDARD = "gnu++0x";
				CLANG_CXX_LIBRARY = "libc++";
				CLANG_ENABLE_OBJC_ARC = YES;
				CLANG_WARN_CONSTANT_CONVERSION = YES;
				CLANG_WARN_EMPTY_BODY = YES;
				CLANG_WARN_ENUM_CONVERSION = YES;
				CLANG_WARN_INT_CONVERSION = YES;
				CLANG_WARN__DUPLICATE_METHOD_MATCH = YES;
				"CODE_SIGN_IDENTITY[sdk=iphoneos*]" = "iPhone Developer";
				COPY_PHASE_STRIP = YES;
				GCC_C_LANGUAGE_STANDARD = gnu99;
				GCC_WARN_ABOUT_RETURN_TYPE = YES;
				GCC_WARN_UNINITIALIZED_AUTOS = YES;
				GCC_WARN_UNUSED_VARIABLE = YES;
				IPHONEOS_DEPLOYMENT_TARGET = 6.1;
				OTHER_CFLAGS = "-DNS_BLOCK_ASSERTIONS=1";
				SDKROOT = iphoneos;
				VALIDATE_PRODUCT = YES;
			};
			name = Release;
		};
		6EABB5F018278FA4009DFAD6 /* Debug */ = {
			isa = XCBuildConfiguration;
			buildSettings = {
				CODE_SIGN_IDENTITY = "iPhone Developer";
				"CODE_SIGN_IDENTITY[sdk=iphoneos*]" = "iPhone Developer";
				FRAMEWORK_SEARCH_PATHS = (
					"$(inherited)",
					/Users/liupeng/work/ShareCustomView/HYActivityView/Demo/Opensource/ShareSDK_v2.6.1/Connection,
					/Users/liupeng/work/ShareCustomView/HYActivityView/Demo/Opensource/ShareSDK_v2.6.1/Core,
					/Users/liupeng/work/ShareCustomView/HYActivityView/Demo/Opensource/ShareSDK_v2.6.1/Extend/QQConnectSDK,
					/Users/liupeng/work/ShareCustomView/HYActivityView/Demo/Opensource/ShareSDK_v2.6.1,
					/Users/liupeng/work/ShareCustomView/HYActivityView/Demo/Opensource/ShareSDK_v2.6.1/UI,
					/Users/liupeng/work/ShareCustomView/Demo/Opensource/ShareSDK_v2.6.1/Connection,
					/Users/liupeng/work/ShareCustomView/Demo/Opensource/ShareSDK_v2.6.1/Core,
					/Users/liupeng/work/ShareCustomView/Demo/Opensource/ShareSDK_v2.6.1/Extend/QQConnectSDK,
					/Users/liupeng/work/ShareCustomView/Demo/Opensource/ShareSDK_v2.6.1,
					/Users/liupeng/work/ShareCustomView/Demo/Opensource/ShareSDK_v2.6.1/UI,
					/Users/liupeng/work/ShareCustomView/Demo/Test/shareAcionSource/ShareSDK_v2.6.1/Connection,
					/Users/liupeng/work/ShareCustomView/Demo/Test/shareAcionSource/ShareSDK_v2.6.1/Core,
					/Users/liupeng/work/ShareCustomView/Demo/Test/shareAcionSource/ShareSDK_v2.6.1/Extend/QQConnectSDK,
					/Users/liupeng/work/ShareCustomView/Demo/Test/shareAcionSource/ShareSDK_v2.6.1,
					/Users/liupeng/work/ShareCustomView/Demo/Test/shareAcionSource/ShareSDK_v2.6.1/UI,
				);
				GCC_PRECOMPILE_PREFIX_HEADER = YES;
				GCC_PREFIX_HEADER = "Test/Test-Prefix.pch";
				INFOPLIST_FILE = "Test/Test-Info.plist";
				IPHONEOS_DEPLOYMENT_TARGET = 6.1;
				LIBRARY_SEARCH_PATHS = (
					"$(inherited)",
					/Users/liupeng/work/ShareCustomView/HYActivityView/Demo/Opensource/ShareSDK_v2.6.1/Extend/SinaWeiboSDK,
					/Users/liupeng/work/ShareCustomView/HYActivityView/Demo/Opensource/ShareSDK_v2.6.1/Extend/TencentWeiboSDK,
					/Users/liupeng/work/ShareCustomView/HYActivityView/Demo/Opensource/ShareSDK_v2.6.1/Extend/WeChatSDK,
					/Users/liupeng/work/ShareCustomView/Demo/Opensource/ShareSDK_v2.6.1/Extend/SinaWeiboSDK,
					/Users/liupeng/work/ShareCustomView/Demo/Opensource/ShareSDK_v2.6.1/Extend/TencentWeiboSDK,
					/Users/liupeng/work/ShareCustomView/Demo/Opensource/ShareSDK_v2.6.1/Extend/WeChatSDK,
					/Users/liupeng/work/ShareCustomView/Demo/Test/shareAcionSource/ShareSDK_v2.6.1/Extend/SinaWeiboSDK,
					/Users/liupeng/work/ShareCustomView/Demo/Test/shareAcionSource/ShareSDK_v2.6.1/Extend/TencentWeiboSDK,
					/Users/liupeng/work/ShareCustomView/Demo/Test/shareAcionSource/ShareSDK_v2.6.1/Extend/WeChatSDK,
				);
				PRODUCT_NAME = "$(TARGET_NAME)";
				PROVISIONING_PROFILE = "";
				"PROVISIONING_PROFILE[sdk=iphoneos*]" = "";
				TARGETED_DEVICE_FAMILY = 1;
				WRAPPER_EXTENSION = app;
			};
			name = Debug;
		};
		6EABB5F118278FA4009DFAD6 /* Release */ = {
			isa = XCBuildConfiguration;
			buildSettings = {
				CODE_SIGN_IDENTITY = "iPhone Developer";
				"CODE_SIGN_IDENTITY[sdk=iphoneos*]" = "iPhone Developer";
				FRAMEWORK_SEARCH_PATHS = (
					"$(inherited)",
					/Users/liupeng/work/ShareCustomView/HYActivityView/Demo/Opensource/ShareSDK_v2.6.1/Connection,
					/Users/liupeng/work/ShareCustomView/HYActivityView/Demo/Opensource/ShareSDK_v2.6.1/Core,
					/Users/liupeng/work/ShareCustomView/HYActivityView/Demo/Opensource/ShareSDK_v2.6.1/Extend/QQConnectSDK,
					/Users/liupeng/work/ShareCustomView/HYActivityView/Demo/Opensource/ShareSDK_v2.6.1,
					/Users/liupeng/work/ShareCustomView/HYActivityView/Demo/Opensource/ShareSDK_v2.6.1/UI,
					/Users/liupeng/work/ShareCustomView/Demo/Opensource/ShareSDK_v2.6.1/Connection,
					/Users/liupeng/work/ShareCustomView/Demo/Opensource/ShareSDK_v2.6.1/Core,
					/Users/liupeng/work/ShareCustomView/Demo/Opensource/ShareSDK_v2.6.1/Extend/QQConnectSDK,
					/Users/liupeng/work/ShareCustomView/Demo/Opensource/ShareSDK_v2.6.1,
					/Users/liupeng/work/ShareCustomView/Demo/Opensource/ShareSDK_v2.6.1/UI,
					/Users/liupeng/work/ShareCustomView/Demo/Test/shareAcionSource/ShareSDK_v2.6.1/Connection,
					/Users/liupeng/work/ShareCustomView/Demo/Test/shareAcionSource/ShareSDK_v2.6.1/Core,
					/Users/liupeng/work/ShareCustomView/Demo/Test/shareAcionSource/ShareSDK_v2.6.1/Extend/QQConnectSDK,
					/Users/liupeng/work/ShareCustomView/Demo/Test/shareAcionSource/ShareSDK_v2.6.1,
					/Users/liupeng/work/ShareCustomView/Demo/Test/shareAcionSource/ShareSDK_v2.6.1/UI,
				);
				GCC_PRECOMPILE_PREFIX_HEADER = YES;
				GCC_PREFIX_HEADER = "Test/Test-Prefix.pch";
				INFOPLIST_FILE = "Test/Test-Info.plist";
				IPHONEOS_DEPLOYMENT_TARGET = 6.1;
				LIBRARY_SEARCH_PATHS = (
					"$(inherited)",
					/Users/liupeng/work/ShareCustomView/HYActivityView/Demo/Opensource/ShareSDK_v2.6.1/Extend/SinaWeiboSDK,
					/Users/liupeng/work/ShareCustomView/HYActivityView/Demo/Opensource/ShareSDK_v2.6.1/Extend/TencentWeiboSDK,
					/Users/liupeng/work/ShareCustomView/HYActivityView/Demo/Opensource/ShareSDK_v2.6.1/Extend/WeChatSDK,
					/Users/liupeng/work/ShareCustomView/Demo/Opensource/ShareSDK_v2.6.1/Extend/SinaWeiboSDK,
					/Users/liupeng/work/ShareCustomView/Demo/Opensource/ShareSDK_v2.6.1/Extend/TencentWeiboSDK,
					/Users/liupeng/work/ShareCustomView/Demo/Opensource/ShareSDK_v2.6.1/Extend/WeChatSDK,
					/Users/liupeng/work/ShareCustomView/Demo/Test/shareAcionSource/ShareSDK_v2.6.1/Extend/SinaWeiboSDK,
					/Users/liupeng/work/ShareCustomView/Demo/Test/shareAcionSource/ShareSDK_v2.6.1/Extend/TencentWeiboSDK,
					/Users/liupeng/work/ShareCustomView/Demo/Test/shareAcionSource/ShareSDK_v2.6.1/Extend/WeChatSDK,
				);
				PRODUCT_NAME = "$(TARGET_NAME)";
				PROVISIONING_PROFILE = "";
				"PROVISIONING_PROFILE[sdk=iphoneos*]" = "";
				TARGETED_DEVICE_FAMILY = 1;
				WRAPPER_EXTENSION = app;
			};
			name = Release;
		};
/* End XCBuildConfiguration section */

/* Begin XCConfigurationList section */
		6EABB5CD18278FA4009DFAD6 /* Build configuration list for PBXProject "Test" */ = {
			isa = XCConfigurationList;
			buildConfigurations = (
				6EABB5ED18278FA4009DFAD6 /* Debug */,
				6EABB5EE18278FA4009DFAD6 /* Release */,
			);
			defaultConfigurationIsVisible = 0;
			defaultConfigurationName = Release;
		};
		6EABB5EF18278FA4009DFAD6 /* Build configuration list for PBXNativeTarget "Test" */ = {
			isa = XCConfigurationList;
			buildConfigurations = (
				6EABB5F018278FA4009DFAD6 /* Debug */,
				6EABB5F118278FA4009DFAD6 /* Release */,
			);
			defaultConfigurationIsVisible = 0;
			defaultConfigurationName = Release;
		};
/* End XCConfigurationList section */
	};
	rootObject = 6EABB5CA18278FA4009DFAD6 /* Project object */;
}
